
Microsoft Visual Studio Solution File, Format Version 12.00
# Visual Studio Version 17
VisualStudioVersion = 17.9.34526.213
MinimumVisualStudioVersion = 10.0.40219.1
Project("{9A19103F-16F7-4668-BE54-9A1E7A4F7556}") = "ServiceBusTopicTriggerSample", "ServiceBusTopicTriggerSample.csproj", "{1774205A-5F6E-44EC-A4C7-A0BF8A240565}"
EndProject
Global
	GlobalSection(SolutionConfigurationPlatforms) = preSolution
		Debug|Any CPU = Debug|Any CPU
		Release|Any CPU = Release|Any CPU
	EndGlobalSection
	GlobalSection(ProjectConfigurationPlatforms) = postSolution
		{1774205A-5F6E-44EC-A4C7-A0BF8A240565}.Debug|Any CPU.ActiveCfg = Debug|Any CPU
		{1774205A-5F6E-44EC-A4C7-A0BF8A240565}.Debug|Any CPU.Build.0 = Debug|Any CPU
		{1774205A-5F6E-44EC-A4C7-A0BF8A240565}.Release|Any CPU.ActiveCfg = Release|Any CPU
		{1774205A-5F6E-44EC-A4C7-A0BF8A240565}.Release|Any CPU.Build.0 = Release|Any CPU
	EndGlobalSection
	GlobalSection(SolutionProperties) = preSolution
		HideSolutionNode = FALSE
	EndGlobalSection
	GlobalSection(ExtensibilityGlobals) = postSolution
		SolutionGuid = {03903BB5-93F6-4305-8E1C-B88040B4EE80}
	EndGlobalSection
EndGlobal
